
Microsoft Visual Studio Solution File, Format Version 12.00
# Visual Studio Version 16
VisualStudioVersion = 16.0.30225.117
MinimumVisualStudioVersion = 10.0.40219.1
Project("{9A19103F-16F7-4668-BE54-9A1E7A4F7556}") = "ArticleApp.Models", "ArticleApp.Models\ArticleApp.Models.csproj", "{D2C079E3-F9A3-4AFD-AE55-EA6C26DE4DD4}"
EndProject
Project("{00D1A9C2-B5F0-4AF3-8072-F6C62B433612}") = "ArticleApp.SqlServer", "ArticleApp.SqlServer\ArticleApp.SqlServer.sqlproj", "{3C6FC0F7-C76F-4D5E-AADC-AE9582081BA9}"
EndProject
Project("{9A19103F-16F7-4668-BE54-9A1E7A4F7556}") = "ArticleApp.Models.Tests", "ArticleApp.Models.Tests\ArticleApp.Models.Tests.csproj", "{8CBB4AFC-9704-44AD-AC22-8780BAC28683}"
EndProject
Project("{FAE04EC0-301F-11D3-BF4B-00C04F79EFBC}") = "ArticleApp", "ArticleApp\ArticleApp.csproj", "{F33D2A56-6088-48AF-81BC-0C027F4178F6}"
EndProject
Global
	GlobalSection(SolutionConfigurationPlatforms) = preSolution
		Debug|Any CPU = Debug|Any CPU
		Release|Any CPU = Release|Any CPU
	EndGlobalSection
	GlobalSection(ProjectConfigurationPlatforms) = postSolution
		{D2C079E3-F9A3-4AFD-AE55-EA6C26DE4DD4}.Debug|Any CPU.ActiveCfg = Debug|Any CPU
		{D2C079E3-F9A3-4AFD-AE55-EA6C26DE4DD4}.Debug|Any CPU.Build.0 = Debug|Any CPU
		{D2C079E3-F9A3-4AFD-AE55-EA6C26DE4DD4}.Release|Any CPU.ActiveCfg = Release|Any CPU
		{D2C079E3-F9A3-4AFD-AE55-EA6C26DE4DD4}.Release|Any CPU.Build.0 = Release|Any CPU
		{3C6FC0F7-C76F-4D5E-AADC-AE9582081BA9}.Debug|Any CPU.ActiveCfg = Debug|Any CPU
		{3C6FC0F7-C76F-4D5E-AADC-AE9582081BA9}.Debug|Any CPU.Build.0 = Debug|Any CPU
		{3C6FC0F7-C76F-4D5E-AADC-AE9582081BA9}.Debug|Any CPU.Deploy.0 = Debug|Any CPU
		{3C6FC0F7-C76F-4D5E-AADC-AE9582081BA9}.Release|Any CPU.ActiveCfg = Release|Any CPU
		{3C6FC0F7-C76F-4D5E-AADC-AE9582081BA9}.Release|Any CPU.Build.0 = Release|Any CPU
		{3C6FC0F7-C76F-4D5E-AADC-AE9582081BA9}.Release|Any CPU.Deploy.0 = Release|Any CPU
		{8CBB4AFC-9704-44AD-AC22-8780BAC28683}.Debug|Any CPU.ActiveCfg = Debug|Any CPU
		{8CBB4AFC-9704-44AD-AC22-8780BAC28683}.Debug|Any CPU.Build.0 = Debug|Any CPU
		{8CBB4AFC-9704-44AD-AC22-8780BAC28683}.Release|Any CPU.ActiveCfg = Release|Any CPU
		{8CBB4AFC-9704-44AD-AC22-8780BAC28683}.Release|Any CPU.Build.0 = Release|Any CPU
		{F33D2A56-6088-48AF-81BC-0C027F4178F6}.Debug|Any CPU.ActiveCfg = Debug|Any CPU
		{F33D2A56-6088-48AF-81BC-0C027F4178F6}.Debug|Any CPU.Build.0 = Debug|Any CPU
		{F33D2A56-6088-48AF-81BC-0C027F4178F6}.Release|Any CPU.ActiveCfg = Release|Any CPU
		{F33D2A56-6088-48AF-81BC-0C027F4178F6}.Release|Any CPU.Build.0 = Release|Any CPU
	EndGlobalSection
	GlobalSection(SolutionProperties) = preSolution
		HideSolutionNode = FALSE
	EndGlobalSection
	GlobalSection(ExtensibilityGlobals) = postSolution
		SolutionGuid = {47E9D3EB-6466-4AB4-85A3-AD9B7A0DC913}
	EndGlobalSection
EndGlobal
